
Microsoft Visual Studio Solution File, Format Version 12.00
# Visual Studio Version 17
VisualStudioVersion = 17.5.002.0
MinimumVisualStudioVersion = 10.0.40219.1
Project("{9A19103F-16F7-4668-BE54-9A1E7A4F7556}") = "JWTAuthAspNet7WebApi", "JWTAuthAspNet7WebApi.csproj", "{529A9D07-2B62-402C-92E0-5F746B6A2F19}"
EndProject
Global
	GlobalSection(SolutionConfigurationPlatforms) = preSolution
		Debug|Any CPU = Debug|Any CPU
		Release|Any CPU = Release|Any CPU
	EndGlobalSection
	GlobalSection(ProjectConfigurationPlatforms) = postSolution
		{529A9D07-2B62-402C-92E0-5F746B6A2F19}.Debug|Any CPU.ActiveCfg = Debug|Any CPU
		{529A9D07-2B62-402C-92E0-5F746B6A2F19}.Debug|Any CPU.Build.0 = Debug|Any CPU
		{529A9D07-2B62-402C-92E0-5F746B6A2F19}.Release|Any CPU.ActiveCfg = Release|Any CPU
		{529A9D07-2B62-402C-92E0-5F746B6A2F19}.Release|Any CPU.Build.0 = Release|Any CPU
	EndGlobalSection
	GlobalSection(SolutionProperties) = preSolution
		HideSolutionNode = FALSE
	EndGlobalSection
	GlobalSection(ExtensibilityGlobals) = postSolution
		SolutionGuid = {CC573238-44A6-4DA1-ADE7-286E7535605A}
	EndGlobalSection
EndGlobal
